
Microsoft Visual Studio Solution File, Format Version 12.00
# Visual Studio 15
VisualStudioVersion = 15.0.26124.0
MinimumVisualStudioVersion = 15.0.26124.0
Project("{2150E333-8FDC-42A3-9474-1A3956D46DE8}") = "src", "src", "{D75CCCCF-450B-4083-ADF7-E492BC2547CC}"
EndProject
Project("{2150E333-8FDC-42A3-9474-1A3956D46DE8}") = "Repositories", "Repositories", "{AE0F2D72-BF28-428D-8CBD-2F515FD45786}"
EndProject
Project("{FAE04EC0-301F-11D3-BF4B-00C04F79EFBC}") = "PersonRepository.Interface", "src\Repositories\PersonRepository.Interface\PersonRepository.Interface.csproj", "{1C22418B-9871-4AF7-AD45-D0B763D0D99E}"
EndProject
Project("{FAE04EC0-301F-11D3-BF4B-00C04F79EFBC}") = "PersonRepository.Service", "src\Repositories\PersonRepository.Service\PersonRepository.Service.csproj", "{99782E1C-FBEF-4FEA-A5CD-38BB179418CD}"
EndProject
Project("{FAE04EC0-301F-11D3-BF4B-00C04F79EFBC}") = "PersonRepository.CSV", "src\Repositories\PersonRepository.CSV\PersonRepository.CSV.csproj", "{0DF2102A-D5A3-43B2-B41F-2DDFD0236B1E}"
EndProject
Project("{2150E333-8FDC-42A3-9474-1A3956D46DE8}") = "test", "test", "{6FEF3E81-EEAA-47B8-8487-2FCAEA89AB4A}"
EndProject
Project("{FAE04EC0-301F-11D3-BF4B-00C04F79EFBC}") = "PersonRepository.Tests", "test\PersonRepository.Tests\PersonRepository.Tests.csproj", "{07333D50-F9EC-42AC-B053-5C51D09631B1}"
EndProject
Global
	GlobalSection(SolutionConfigurationPlatforms) = preSolution
		Debug|Any CPU = Debug|Any CPU
		Debug|x64 = Debug|x64
		Debug|x86 = Debug|x86
		Release|Any CPU = Release|Any CPU
		Release|x64 = Release|x64
		Release|x86 = Release|x86
	EndGlobalSection
	GlobalSection(SolutionProperties) = preSolution
		HideSolutionNode = FALSE
	EndGlobalSection
	GlobalSection(ProjectConfigurationPlatforms) = postSolution
		{1C22418B-9871-4AF7-AD45-D0B763D0D99E}.Debug|Any CPU.ActiveCfg = Debug|Any CPU
		{1C22418B-9871-4AF7-AD45-D0B763D0D99E}.Debug|Any CPU.Build.0 = Debug|Any CPU
		{1C22418B-9871-4AF7-AD45-D0B763D0D99E}.Debug|x64.ActiveCfg = Debug|Any CPU
		{1C22418B-9871-4AF7-AD45-D0B763D0D99E}.Debug|x64.Build.0 = Debug|Any CPU
		{1C22418B-9871-4AF7-AD45-D0B763D0D99E}.Debug|x86.ActiveCfg = Debug|Any CPU
		{1C22418B-9871-4AF7-AD45-D0B763D0D99E}.Debug|x86.Build.0 = Debug|Any CPU
		{1C22418B-9871-4AF7-AD45-D0B763D0D99E}.Release|Any CPU.ActiveCfg = Release|Any CPU
		{1C22418B-9871-4AF7-AD45-D0B763D0D99E}.Release|Any CPU.Build.0 = Release|Any CPU
		{1C22418B-9871-4AF7-AD45-D0B763D0D99E}.Release|x64.ActiveCfg = Release|Any CPU
		{1C22418B-9871-4AF7-AD45-D0B763D0D99E}.Release|x64.Build.0 = Release|Any CPU
		{1C22418B-9871-4AF7-AD45-D0B763D0D99E}.Release|x86.ActiveCfg = Release|Any CPU
		{1C22418B-9871-4AF7-AD45-D0B763D0D99E}.Release|x86.Build.0 = Release|Any CPU
		{99782E1C-FBEF-4FEA-A5CD-38BB179418CD}.Debug|Any CPU.ActiveCfg = Debug|Any CPU
		{99782E1C-FBEF-4FEA-A5CD-38BB179418CD}.Debug|Any CPU.Build.0 = Debug|Any CPU
		{99782E1C-FBEF-4FEA-A5CD-38BB179418CD}.Debug|x64.ActiveCfg = Debug|Any CPU
		{99782E1C-FBEF-4FEA-A5CD-38BB179418CD}.Debug|x64.Build.0 = Debug|Any CPU
		{99782E1C-FBEF-4FEA-A5CD-38BB179418CD}.Debug|x86.ActiveCfg = Debug|Any CPU
		{99782E1C-FBEF-4FEA-A5CD-38BB179418CD}.Debug|x86.Build.0 = Debug|Any CPU
		{99782E1C-FBEF-4FEA-A5CD-38BB179418CD}.Release|Any CPU.ActiveCfg = Release|Any CPU
		{99782E1C-FBEF-4FEA-A5CD-38BB179418CD}.Release|Any CPU.Build.0 = Release|Any CPU
		{99782E1C-FBEF-4FEA-A5CD-38BB179418CD}.Release|x64.ActiveCfg = Release|Any CPU
		{99782E1C-FBEF-4FEA-A5CD-38BB179418CD}.Release|x64.Build.0 = Release|Any CPU
		{99782E1C-FBEF-4FEA-A5CD-38BB179418CD}.Release|x86.ActiveCfg = Release|Any CPU
		{99782E1C-FBEF-4FEA-A5CD-38BB179418CD}.Release|x86.Build.0 = Release|Any CPU
		{0DF2102A-D5A3-43B2-B41F-2DDFD0236B1E}.Debug|Any CPU.ActiveCfg = Debug|Any CPU
		{0DF2102A-D5A3-43B2-B41F-2DDFD0236B1E}.Debug|Any CPU.Build.0 = Debug|Any CPU
		{0DF2102A-D5A3-43B2-B41F-2DDFD0236B1E}.Debug|x64.ActiveCfg = Debug|Any CPU
		{0DF2102A-D5A3-43B2-B41F-2DDFD0236B1E}.Debug|x64.Build.0 = Debug|Any CPU
		{0DF2102A-D5A3-43B2-B41F-2DDFD0236B1E}.Debug|x86.ActiveCfg = Debug|Any CPU
		{0DF2102A-D5A3-43B2-B41F-2DDFD0236B1E}.Debug|x86.Build.0 = Debug|Any CPU
		{0DF2102A-D5A3-43B2-B41F-2DDFD0236B1E}.Release|Any CPU.ActiveCfg = Release|Any CPU
		{0DF2102A-D5A3-43B2-B41F-2DDFD0236B1E}.Release|Any CPU.Build.0 = Release|Any CPU
		{0DF2102A-D5A3-43B2-B41F-2DDFD0236B1E}.Release|x64.ActiveCfg = Release|Any CPU
		{0DF2102A-D5A3-43B2-B41F-2DDFD0236B1E}.Release|x64.Build.0 = Release|Any CPU
		{0DF2102A-D5A3-43B2-B41F-2DDFD0236B1E}.Release|x86.ActiveCfg = Release|Any CPU
		{0DF2102A-D5A3-43B2-B41F-2DDFD0236B1E}.Release|x86.Build.0 = Release|Any CPU
		{07333D50-F9EC-42AC-B053-5C51D09631B1}.Debug|Any CPU.ActiveCfg = Debug|Any CPU
		{07333D50-F9EC-42AC-B053-5C51D09631B1}.Debug|Any CPU.Build.0 = Debug|Any CPU
		{07333D50-F9EC-42AC-B053-5C51D09631B1}.Debug|x64.ActiveCfg = Debug|Any CPU
		{07333D50-F9EC-42AC-B053-5C51D09631B1}.Debug|x64.Build.0 = Debug|Any CPU
		{07333D50-F9EC-42AC-B053-5C51D09631B1}.Debug|x86.ActiveCfg = Debug|Any CPU
		{07333D50-F9EC-42AC-B053-5C51D09631B1}.Debug|x86.Build.0 = Debug|Any CPU
		{07333D50-F9EC-42AC-B053-5C51D09631B1}.Release|Any CPU.ActiveCfg = Release|Any CPU
		{07333D50-F9EC-42AC-B053-5C51D09631B1}.Release|Any CPU.Build.0 = Release|Any CPU
		{07333D50-F9EC-42AC-B053-5C51D09631B1}.Release|x64.ActiveCfg = Release|Any CPU
		{07333D50-F9EC-42AC-B053-5C51D09631B1}.Release|x64.Build.0 = Release|Any CPU
		{07333D50-F9EC-42AC-B053-5C51D09631B1}.Release|x86.ActiveCfg = Release|Any CPU
		{07333D50-F9EC-42AC-B053-5C51D09631B1}.Release|x86.Build.0 = Release|Any CPU
	EndGlobalSection
	GlobalSection(NestedProjects) = preSolution
		{AE0F2D72-BF28-428D-8CBD-2F515FD45786} = {D75CCCCF-450B-4083-ADF7-E492BC2547CC}
		{1C22418B-9871-4AF7-AD45-D0B763D0D99E} = {AE0F2D72-BF28-428D-8CBD-2F515FD45786}
		{99782E1C-FBEF-4FEA-A5CD-38BB179418CD} = {AE0F2D72-BF28-428D-8CBD-2F515FD45786}
		{0DF2102A-D5A3-43B2-B41F-2DDFD0236B1E} = {AE0F2D72-BF28-428D-8CBD-2F515FD45786}
		{07333D50-F9EC-42AC-B053-5C51D09631B1} = {6FEF3E81-EEAA-47B8-8487-2FCAEA89AB4A}
	EndGlobalSection
EndGlobal
